
Microsoft Visual Studio Solution File, Format Version 12.00
# Visual Studio Version 17
VisualStudioVersion = 17.11.35017.193
MinimumVisualStudioVersion = 10.0.40219.1
Project("{2150E333-8FDC-42A3-9474-1A3956D46DE8}") = "SmartApp", "SmartApp", "{1535CC8D-1E8E-4641-AF51-368727C6EC8A}"
EndProject
Project("{2150E333-8FDC-42A3-9474-1A3956D46DE8}") = "Home", "Home", "{D6340610-8BC0-455D-BD44-932874E0766D}"
EndProject
Project("{2150E333-8FDC-42A3-9474-1A3956D46DE8}") = "Shared", "Shared", "{9F429F77-942F-4FD3-8F37-29EE966B74FE}"
EndProject
Project("{FAE04EC0-301F-11D3-BF4B-00C04F79EFBC}") = "MpmSmart", "MpmSmart\MpmSmart.csproj", "{BC3DC83B-D276-4755-9595-A2E8B9AB3BA9}"
EndProject
Project("{FAE04EC0-301F-11D3-BF4B-00C04F79EFBC}") = "ComponentLib", "ComponentLib\ComponentLib.csproj", "{4A8E3EA8-47F2-41FB-80E2-44C921BBF6A6}"
EndProject
Project("{2150E333-8FDC-42A3-9474-1A3956D46DE8}") = "Solution Items", "Solution Items", "{9F8F8166-3102-4FDC-BF89-5E80D424B97E}"
	ProjectSection(SolutionItems) = preProject
		docker-compose.yml = docker-compose.yml
	EndProjectSection
EndProject
Project("{FAE04EC0-301F-11D3-BF4B-00C04F79EFBC}") = "WebHost", "WebHost\WebHost.csproj", "{C9D0C302-0AB3-4A80-A3F8-E737190B2A58}"
EndProject
Project("{FAE04EC0-301F-11D3-BF4B-00C04F79EFBC}") = "ServiceDefaults", "ServiceDefaults\ServiceDefaults.csproj", "{EB674738-391D-4F13-9812-9B3C9F83F875}"
EndProject
Project("{FAE04EC0-301F-11D3-BF4B-00C04F79EFBC}") = "Web.Server", "Web\Web.Server\Web.Server.csproj", "{697EC00A-B636-41ED-AC98-02E353BCAB01}"
EndProject
Project("{FAE04EC0-301F-11D3-BF4B-00C04F79EFBC}") = "Web.Client", "Web\Web.Client\Web.Client.csproj", "{727221C5-9794-4633-ABC1-5AB5EDA6AAEA}"
EndProject
Project("{FAE04EC0-301F-11D3-BF4B-00C04F79EFBC}") = "Web.Api", "Web.Api\Web.Api.csproj", "{382DDE29-A6EF-4B4B-86A2-9F45D4C13B12}"
EndProject
Global
	GlobalSection(SolutionConfigurationPlatforms) = preSolution
		Debug|Any CPU = Debug|Any CPU
		Release|Any CPU = Release|Any CPU
	EndGlobalSection
	GlobalSection(ProjectConfigurationPlatforms) = postSolution
		{BC3DC83B-D276-4755-9595-A2E8B9AB3BA9}.Debug|Any CPU.ActiveCfg = Debug|Any CPU
		{BC3DC83B-D276-4755-9595-A2E8B9AB3BA9}.Debug|Any CPU.Build.0 = Debug|Any CPU
		{BC3DC83B-D276-4755-9595-A2E8B9AB3BA9}.Release|Any CPU.ActiveCfg = Release|Any CPU
		{BC3DC83B-D276-4755-9595-A2E8B9AB3BA9}.Release|Any CPU.Build.0 = Release|Any CPU
		{4A8E3EA8-47F2-41FB-80E2-44C921BBF6A6}.Debug|Any CPU.ActiveCfg = Debug|Any CPU
		{4A8E3EA8-47F2-41FB-80E2-44C921BBF6A6}.Debug|Any CPU.Build.0 = Debug|Any CPU
		{4A8E3EA8-47F2-41FB-80E2-44C921BBF6A6}.Release|Any CPU.ActiveCfg = Release|Any CPU
		{4A8E3EA8-47F2-41FB-80E2-44C921BBF6A6}.Release|Any CPU.Build.0 = Release|Any CPU
		{C9D0C302-0AB3-4A80-A3F8-E737190B2A58}.Debug|Any CPU.ActiveCfg = Debug|Any CPU
		{C9D0C302-0AB3-4A80-A3F8-E737190B2A58}.Debug|Any CPU.Build.0 = Debug|Any CPU
		{C9D0C302-0AB3-4A80-A3F8-E737190B2A58}.Release|Any CPU.ActiveCfg = Release|Any CPU
		{C9D0C302-0AB3-4A80-A3F8-E737190B2A58}.Release|Any CPU.Build.0 = Release|Any CPU
		{EB674738-391D-4F13-9812-9B3C9F83F875}.Debug|Any CPU.ActiveCfg = Debug|Any CPU
		{EB674738-391D-4F13-9812-9B3C9F83F875}.Debug|Any CPU.Build.0 = Debug|Any CPU
		{EB674738-391D-4F13-9812-9B3C9F83F875}.Release|Any CPU.ActiveCfg = Release|Any CPU
		{EB674738-391D-4F13-9812-9B3C9F83F875}.Release|Any CPU.Build.0 = Release|Any CPU
		{697EC00A-B636-41ED-AC98-02E353BCAB01}.Debug|Any CPU.ActiveCfg = Debug|Any CPU
		{697EC00A-B636-41ED-AC98-02E353BCAB01}.Debug|Any CPU.Build.0 = Debug|Any CPU
		{697EC00A-B636-41ED-AC98-02E353BCAB01}.Release|Any CPU.ActiveCfg = Release|Any CPU
		{697EC00A-B636-41ED-AC98-02E353BCAB01}.Release|Any CPU.Build.0 = Release|Any CPU
		{727221C5-9794-4633-ABC1-5AB5EDA6AAEA}.Debug|Any CPU.ActiveCfg = Debug|Any CPU
		{727221C5-9794-4633-ABC1-5AB5EDA6AAEA}.Debug|Any CPU.Build.0 = Debug|Any CPU
		{727221C5-9794-4633-ABC1-5AB5EDA6AAEA}.Release|Any CPU.ActiveCfg = Release|Any CPU
		{727221C5-9794-4633-ABC1-5AB5EDA6AAEA}.Release|Any CPU.Build.0 = Release|Any CPU
		{382DDE29-A6EF-4B4B-86A2-9F45D4C13B12}.Debug|Any CPU.ActiveCfg = Debug|Any CPU
		{382DDE29-A6EF-4B4B-86A2-9F45D4C13B12}.Debug|Any CPU.Build.0 = Debug|Any CPU
		{382DDE29-A6EF-4B4B-86A2-9F45D4C13B12}.Release|Any CPU.ActiveCfg = Release|Any CPU
		{382DDE29-A6EF-4B4B-86A2-9F45D4C13B12}.Release|Any CPU.Build.0 = Release|Any CPU
	EndGlobalSection
	GlobalSection(SolutionProperties) = preSolution
		HideSolutionNode = FALSE
	EndGlobalSection
	GlobalSection(NestedProjects) = preSolution
		{BC3DC83B-D276-4755-9595-A2E8B9AB3BA9} = {1535CC8D-1E8E-4641-AF51-368727C6EC8A}
		{4A8E3EA8-47F2-41FB-80E2-44C921BBF6A6} = {1535CC8D-1E8E-4641-AF51-368727C6EC8A}
		{C9D0C302-0AB3-4A80-A3F8-E737190B2A58} = {1535CC8D-1E8E-4641-AF51-368727C6EC8A}
		{EB674738-391D-4F13-9812-9B3C9F83F875} = {1535CC8D-1E8E-4641-AF51-368727C6EC8A}
		{697EC00A-B636-41ED-AC98-02E353BCAB01} = {1535CC8D-1E8E-4641-AF51-368727C6EC8A}
		{727221C5-9794-4633-ABC1-5AB5EDA6AAEA} = {1535CC8D-1E8E-4641-AF51-368727C6EC8A}
		{382DDE29-A6EF-4B4B-86A2-9F45D4C13B12} = {1535CC8D-1E8E-4641-AF51-368727C6EC8A}
	EndGlobalSection
EndGlobal
