
Microsoft Visual Studio Solution File, Format Version 12.00
# Visual Studio Version 17
VisualStudioVersion = 17.11.35017.193
MinimumVisualStudioVersion = 10.0.40219.1
Project("{2150E333-8FDC-42A3-9474-1A3956D46DE8}") = "SmartApp", "SmartApp", "{1535CC8D-1E8E-4641-AF51-368727C6EC8A}"
EndProject
Project("{2150E333-8FDC-42A3-9474-1A3956D46DE8}") = "SmartHome", "SmartHome", "{D6340610-8BC0-455D-BD44-932874E0766D}"
EndProject
Project("{2150E333-8FDC-42A3-9474-1A3956D46DE8}") = "Shared", "Shared", "{9F429F77-942F-4FD3-8F37-29EE966B74FE}"
EndProject
Project("{FAE04EC0-301F-11D3-BF4B-00C04F79EFBC}") = "MpmSmart", "MpmSmart\MpmSmart.csproj", "{BC3DC83B-D276-4755-9595-A2E8B9AB3BA9}"
EndProject
Project("{FAE04EC0-301F-11D3-BF4B-00C04F79EFBC}") = "ComponentLib", "ComponentLib\ComponentLib.csproj", "{4A8E3EA8-47F2-41FB-80E2-44C921BBF6A6}"
EndProject
Project("{2150E333-8FDC-42A3-9474-1A3956D46DE8}") = "Solution Items", "Solution Items", "{9F8F8166-3102-4FDC-BF89-5E80D424B97E}"
	ProjectSection(SolutionItems) = preProject
		docker-compose.yml = docker-compose.yml
	EndProjectSection
EndProject
Project("{FAE04EC0-301F-11D3-BF4B-00C04F79EFBC}") = "Web.Host", "Web.Host\Web.Host.csproj", "{C9D0C302-0AB3-4A80-A3F8-E737190B2A58}"
EndProject
Project("{FAE04EC0-301F-11D3-BF4B-00C04F79EFBC}") = "ServiceDefaults", "ServiceDefaults\ServiceDefaults.csproj", "{EB674738-391D-4F13-9812-9B3C9F83F875}"
EndProject
Project("{FAE04EC0-301F-11D3-BF4B-00C04F79EFBC}") = "Web.Server", "Web\Web.Server\Web.Server.csproj", "{697EC00A-B636-41ED-AC98-02E353BCAB01}"
EndProject
Project("{FAE04EC0-301F-11D3-BF4B-00C04F79EFBC}") = "Web.Client", "Web\Web.Client\Web.Client.csproj", "{727221C5-9794-4633-ABC1-5AB5EDA6AAEA}"
EndProject
Project("{FAE04EC0-301F-11D3-BF4B-00C04F79EFBC}") = "Web.Api", "Web.Api\Web.Api.csproj", "{382DDE29-A6EF-4B4B-86A2-9F45D4C13B12}"
EndProject
Project("{2150E333-8FDC-42A3-9474-1A3956D46DE8}") = "Tests", "Tests", "{568F3201-35E4-43FF-80A3-B61D3475060C}"
EndProject
Project("{FAE04EC0-301F-11D3-BF4B-00C04F79EFBC}") = "DbManager", "DbManager\DbManager.csproj", "{556E4C78-2873-4F35-8AE3-1768F629222D}"
EndProject
Project("{2150E333-8FDC-42A3-9474-1A3956D46DE8}") = "Services", "Services", "{37A78718-F117-421A-B4E7-5A2F0914A35B}"
EndProject
Project("{2150E333-8FDC-42A3-9474-1A3956D46DE8}") = "FrontEnd", "FrontEnd", "{A27A0D13-7786-48AC-9FDE-C075D99DB1C6}"
EndProject
Project("{2150E333-8FDC-42A3-9474-1A3956D46DE8}") = "Hosting", "Hosting", "{07F3CA56-4127-421E-9A27-68D3EB42FA6B}"
EndProject
Project("{2150E333-8FDC-42A3-9474-1A3956D46DE8}") = "Shared", "Shared", "{4EA1EE12-1D74-42AE-BC1B-901A0F8B86F0}"
EndProject
Project("{FAE04EC0-301F-11D3-BF4B-00C04F79EFBC}") = "Services", "Services\Services.csproj", "{8EB1BD75-4D7B-44F7-A4D1-C3B971E31C62}"
EndProject
Project("{FAE04EC0-301F-11D3-BF4B-00C04F79EFBC}") = "Neo4Sharp", "Neo4Sharp\Neo4Sharp.csproj", "{C0125D59-DD8B-44C1-9650-6EF4B6B360B3}"
EndProject
Project("{FAE04EC0-301F-11D3-BF4B-00C04F79EFBC}") = "DataModel", "DataModel\DataModel.csproj", "{640DC8BE-62AE-4C66-B9E9-10DF9846B8AB}"
EndProject
Project("{FAE04EC0-301F-11D3-BF4B-00C04F79EFBC}") = "NetworkService", "NetworkService\NetworkService.csproj", "{B4426385-A26E-48A3-8C1A-81F33456E372}"
EndProject
Project("{FAE04EC0-301F-11D3-BF4B-00C04F79EFBC}") = "RoutineService", "RoutineService\RoutineService.csproj", "{FF296DDA-25F2-44EF-893D-2D0BD25571BC}"
EndProject
Project("{FAE04EC0-301F-11D3-BF4B-00C04F79EFBC}") = "AuthService", "AuthService\AuthService.csproj", "{3300039F-AACA-44D3-95A2-0E5AD47687DA}"
EndProject
Project("{FAE04EC0-301F-11D3-BF4B-00C04F79EFBC}") = "CommandService", "CommandService\CommandService.csproj", "{B4BA4AD6-05F4-4E59-9387-ACE7EE88FEFB}"
EndProject
Project("{FAE04EC0-301F-11D3-BF4B-00C04F79EFBC}") = "NotificationService", "NotificationService\NotificationService.csproj", "{59C8B96A-4346-4097-8FAF-CD3DE5303601}"
EndProject
Project("{FAE04EC0-301F-11D3-BF4B-00C04F79EFBC}") = "ApiGatewaySchema", "ApiGatewaySchema\ApiGatewaySchema.csproj", "{D98ABC9F-1A38-4984-BA56-5984156C2669}"
EndProject
Project("{FAE04EC0-301F-11D3-BF4B-00C04F79EFBC}") = "DataGatewaySchema", "DataGatewaySchema\DataGatewaySchema.csproj", "{B93E0B23-EB48-45DF-8A25-2ABBD1F22D03}"
EndProject
Project("{FAE04EC0-301F-11D3-BF4B-00C04F79EFBC}") = "Web.DataGateway", "Web.DataGateway\Web.DataGateway.csproj", "{0372A861-2152-43A3-AA67-D722BF52CDE2}"
EndProject
Project("{FAE04EC0-301F-11D3-BF4B-00C04F79EFBC}") = "HomeDataService", "HomeDataService\HomeDataService.csproj", "{6696A75F-AD55-48AD-A023-267B7C7C8A78}"
EndProject
Project("{FAE04EC0-301F-11D3-BF4B-00C04F79EFBC}") = "Proto", "Proto\Proto.csproj", "{2DDC6EDB-2D41-4428-A10D-6569CEECA1C3}"
EndProject
Project("{2150E333-8FDC-42A3-9474-1A3956D46DE8}") = "Modules", "Modules", "{7E24D392-207E-4F37-B7E4-D5C4C9D4EC48}"
EndProject
Project("{2150E333-8FDC-42A3-9474-1A3956D46DE8}") = "Plugins", "Plugins", "{DDBE1E6A-EC2F-4E4F-BA74-E6C365CD014D}"
EndProject
Project("{FAE04EC0-301F-11D3-BF4B-00C04F79EFBC}") = "ControllerModule", "ControllerModule\ControllerModule.csproj", "{F241A2A2-A2A5-4B18-B7DF-47990B421D3F}"
EndProject
Project("{FAE04EC0-301F-11D3-BF4B-00C04F79EFBC}") = "GatewayModule", "GatewayModule\GatewayModule.csproj", "{1D07C0A8-700A-49CB-896D-CB782EA7DEDB}"
EndProject
Project("{FAE04EC0-301F-11D3-BF4B-00C04F79EFBC}") = "SensorModule", "SensorModule\SensorModule.csproj", "{E397BEB6-7BB4-49C0-899E-71CBA7486D36}"
EndProject
Project("{FAE04EC0-301F-11D3-BF4B-00C04F79EFBC}") = "ActuatorModule", "ActuatorModule\ActuatorModule.csproj", "{2733A19D-E753-48A8-98DB-89228ACA77C0}"
EndProject
Project("{FAE04EC0-301F-11D3-BF4B-00C04F79EFBC}") = "CoreModule", "CoreModule\CoreModule.csproj", "{4E80023D-DBAF-4FF5-A903-7887BD48C63E}"
EndProject
Project("{FAE04EC0-301F-11D3-BF4B-00C04F79EFBC}") = "CommunicationModule", "CommunicationModule\CommunicationModule.csproj", "{F34A0139-7560-4EC5-AA03-AE61CD6DBAB4}"
EndProject
Project("{FAE04EC0-301F-11D3-BF4B-00C04F79EFBC}") = "WifiPlugin", "WifiPlugin\WifiPlugin.csproj", "{6D587A7C-1A59-4815-9FCC-E1EB1C94B03E}"
EndProject
Project("{FAE04EC0-301F-11D3-BF4B-00C04F79EFBC}") = "EthernetPlugin", "EthernetPlugin\EthernetPlugin.csproj", "{C4A24DDF-8747-4117-BCB2-549B8F4F4392}"
EndProject
Project("{2150E333-8FDC-42A3-9474-1A3956D46DE8}") = "Systems", "Systems", "{DDF59617-ABF3-4143-BD1E-B826C43C1DEE}"
EndProject
Project("{FAE04EC0-301F-11D3-BF4B-00C04F79EFBC}") = "VirtualSystem", "VirtualSystem\VirtualSystem.csproj", "{B261C7D5-2CC4-4084-94A8-041D740BAD57}"
EndProject
Project("{FAE04EC0-301F-11D3-BF4B-00C04F79EFBC}") = "RaspberrySystem", "RaspberrySystem\RaspberrySystem.csproj", "{E963B931-7FC3-440E-BAA3-81BB717F28B0}"
EndProject
Project("{FAE04EC0-301F-11D3-BF4B-00C04F79EFBC}") = "LedPlugin", "LedPlugin\LedPlugin.csproj", "{DEB66BA3-E407-4473-BBC1-D5F07F6874A8}"
EndProject
Project("{FAE04EC0-301F-11D3-BF4B-00C04F79EFBC}") = "LedMatrixPlugin", "LedMatrixPlugin\LedMatrixPlugin.csproj", "{CE6009B1-5775-4A5D-BA62-66CE5BD508AE}"
EndProject
Project("{FAE04EC0-301F-11D3-BF4B-00C04F79EFBC}") = "CameraPlugin", "CameraPlugin\CameraPlugin.csproj", "{6B6BCE23-2FDA-42A8-8643-7C49FD49B232}"
EndProject
Project("{2150E333-8FDC-42A3-9474-1A3956D46DE8}") = "Hosts", "Hosts", "{9BE2B12A-6B9F-40F9-90C4-362F239F4DD8}"
EndProject
Project("{FAE04EC0-301F-11D3-BF4B-00C04F79EFBC}") = "VirtualHost", "VirtualHost\VirtualHost.csproj", "{7F12DE1D-E49A-41D0-B8D7-C1140468174C}"
EndProject
Project("{FAE04EC0-301F-11D3-BF4B-00C04F79EFBC}") = "Pi4Host", "Pi4Host\Pi4Host.csproj", "{30842DB8-8EDC-42EF-BEFF-CC71AA0A515C}"
EndProject
Project("{FAE04EC0-301F-11D3-BF4B-00C04F79EFBC}") = "ModuleBase", "ModuleBase\ModuleBase.csproj", "{4C9C4B93-9763-43B1-8F5C-5D3D49E0833C}"
EndProject
Project("{FAE04EC0-301F-11D3-BF4B-00C04F79EFBC}") = "PluginBase", "PluginBase\PluginBase.csproj", "{B51CBC6A-2B81-46F4-AE15-41C02420CBA4}"
EndProject
Project("{FAE04EC0-301F-11D3-BF4B-00C04F79EFBC}") = "SystemBase", "SystemBase\SystemBase.csproj", "{7F66832A-F0D5-4335-9696-DDEB4FB2C94B}"
EndProject
Project("{FAE04EC0-301F-11D3-BF4B-00C04F79EFBC}") = "SmartHomeHost", "SmartHomeHost\SmartHomeHost.csproj", "{EAC5C73F-6739-4D51-A00B-2CB1CDA8E522}"
EndProject
Project("{FAE04EC0-301F-11D3-BF4B-00C04F79EFBC}") = "Utils", "Utils\Utils.csproj", "{B4701CC3-4748-4AB7-8E0D-5ADB4F37155E}"
EndProject
Global
	GlobalSection(SolutionConfigurationPlatforms) = preSolution
		Debug|Any CPU = Debug|Any CPU
		Release|Any CPU = Release|Any CPU
	EndGlobalSection
	GlobalSection(ProjectConfigurationPlatforms) = postSolution
		{BC3DC83B-D276-4755-9595-A2E8B9AB3BA9}.Debug|Any CPU.ActiveCfg = Debug|Any CPU
		{BC3DC83B-D276-4755-9595-A2E8B9AB3BA9}.Debug|Any CPU.Build.0 = Debug|Any CPU
		{BC3DC83B-D276-4755-9595-A2E8B9AB3BA9}.Release|Any CPU.ActiveCfg = Release|Any CPU
		{BC3DC83B-D276-4755-9595-A2E8B9AB3BA9}.Release|Any CPU.Build.0 = Release|Any CPU
		{4A8E3EA8-47F2-41FB-80E2-44C921BBF6A6}.Debug|Any CPU.ActiveCfg = Debug|Any CPU
		{4A8E3EA8-47F2-41FB-80E2-44C921BBF6A6}.Debug|Any CPU.Build.0 = Debug|Any CPU
		{4A8E3EA8-47F2-41FB-80E2-44C921BBF6A6}.Release|Any CPU.ActiveCfg = Release|Any CPU
		{4A8E3EA8-47F2-41FB-80E2-44C921BBF6A6}.Release|Any CPU.Build.0 = Release|Any CPU
		{C9D0C302-0AB3-4A80-A3F8-E737190B2A58}.Debug|Any CPU.ActiveCfg = Debug|Any CPU
		{C9D0C302-0AB3-4A80-A3F8-E737190B2A58}.Debug|Any CPU.Build.0 = Debug|Any CPU
		{C9D0C302-0AB3-4A80-A3F8-E737190B2A58}.Release|Any CPU.ActiveCfg = Release|Any CPU
		{C9D0C302-0AB3-4A80-A3F8-E737190B2A58}.Release|Any CPU.Build.0 = Release|Any CPU
		{EB674738-391D-4F13-9812-9B3C9F83F875}.Debug|Any CPU.ActiveCfg = Debug|Any CPU
		{EB674738-391D-4F13-9812-9B3C9F83F875}.Debug|Any CPU.Build.0 = Debug|Any CPU
		{EB674738-391D-4F13-9812-9B3C9F83F875}.Release|Any CPU.ActiveCfg = Release|Any CPU
		{EB674738-391D-4F13-9812-9B3C9F83F875}.Release|Any CPU.Build.0 = Release|Any CPU
		{697EC00A-B636-41ED-AC98-02E353BCAB01}.Debug|Any CPU.ActiveCfg = Debug|Any CPU
		{697EC00A-B636-41ED-AC98-02E353BCAB01}.Debug|Any CPU.Build.0 = Debug|Any CPU
		{697EC00A-B636-41ED-AC98-02E353BCAB01}.Release|Any CPU.ActiveCfg = Release|Any CPU
		{697EC00A-B636-41ED-AC98-02E353BCAB01}.Release|Any CPU.Build.0 = Release|Any CPU
		{727221C5-9794-4633-ABC1-5AB5EDA6AAEA}.Debug|Any CPU.ActiveCfg = Debug|Any CPU
		{727221C5-9794-4633-ABC1-5AB5EDA6AAEA}.Debug|Any CPU.Build.0 = Debug|Any CPU
		{727221C5-9794-4633-ABC1-5AB5EDA6AAEA}.Release|Any CPU.ActiveCfg = Release|Any CPU
		{727221C5-9794-4633-ABC1-5AB5EDA6AAEA}.Release|Any CPU.Build.0 = Release|Any CPU
		{382DDE29-A6EF-4B4B-86A2-9F45D4C13B12}.Debug|Any CPU.ActiveCfg = Debug|Any CPU
		{382DDE29-A6EF-4B4B-86A2-9F45D4C13B12}.Debug|Any CPU.Build.0 = Debug|Any CPU
		{382DDE29-A6EF-4B4B-86A2-9F45D4C13B12}.Release|Any CPU.ActiveCfg = Release|Any CPU
		{382DDE29-A6EF-4B4B-86A2-9F45D4C13B12}.Release|Any CPU.Build.0 = Release|Any CPU
		{556E4C78-2873-4F35-8AE3-1768F629222D}.Debug|Any CPU.ActiveCfg = Debug|Any CPU
		{556E4C78-2873-4F35-8AE3-1768F629222D}.Debug|Any CPU.Build.0 = Debug|Any CPU
		{556E4C78-2873-4F35-8AE3-1768F629222D}.Release|Any CPU.ActiveCfg = Release|Any CPU
		{556E4C78-2873-4F35-8AE3-1768F629222D}.Release|Any CPU.Build.0 = Release|Any CPU
		{8EB1BD75-4D7B-44F7-A4D1-C3B971E31C62}.Debug|Any CPU.ActiveCfg = Debug|Any CPU
		{8EB1BD75-4D7B-44F7-A4D1-C3B971E31C62}.Debug|Any CPU.Build.0 = Debug|Any CPU
		{8EB1BD75-4D7B-44F7-A4D1-C3B971E31C62}.Release|Any CPU.ActiveCfg = Release|Any CPU
		{8EB1BD75-4D7B-44F7-A4D1-C3B971E31C62}.Release|Any CPU.Build.0 = Release|Any CPU
		{C0125D59-DD8B-44C1-9650-6EF4B6B360B3}.Debug|Any CPU.ActiveCfg = Debug|Any CPU
		{C0125D59-DD8B-44C1-9650-6EF4B6B360B3}.Debug|Any CPU.Build.0 = Debug|Any CPU
		{C0125D59-DD8B-44C1-9650-6EF4B6B360B3}.Release|Any CPU.ActiveCfg = Release|Any CPU
		{C0125D59-DD8B-44C1-9650-6EF4B6B360B3}.Release|Any CPU.Build.0 = Release|Any CPU
		{640DC8BE-62AE-4C66-B9E9-10DF9846B8AB}.Debug|Any CPU.ActiveCfg = Debug|Any CPU
		{640DC8BE-62AE-4C66-B9E9-10DF9846B8AB}.Debug|Any CPU.Build.0 = Debug|Any CPU
		{640DC8BE-62AE-4C66-B9E9-10DF9846B8AB}.Release|Any CPU.ActiveCfg = Release|Any CPU
		{640DC8BE-62AE-4C66-B9E9-10DF9846B8AB}.Release|Any CPU.Build.0 = Release|Any CPU
		{B4426385-A26E-48A3-8C1A-81F33456E372}.Debug|Any CPU.ActiveCfg = Debug|Any CPU
		{B4426385-A26E-48A3-8C1A-81F33456E372}.Debug|Any CPU.Build.0 = Debug|Any CPU
		{B4426385-A26E-48A3-8C1A-81F33456E372}.Release|Any CPU.ActiveCfg = Release|Any CPU
		{B4426385-A26E-48A3-8C1A-81F33456E372}.Release|Any CPU.Build.0 = Release|Any CPU
		{FF296DDA-25F2-44EF-893D-2D0BD25571BC}.Debug|Any CPU.ActiveCfg = Debug|Any CPU
		{FF296DDA-25F2-44EF-893D-2D0BD25571BC}.Debug|Any CPU.Build.0 = Debug|Any CPU
		{FF296DDA-25F2-44EF-893D-2D0BD25571BC}.Release|Any CPU.ActiveCfg = Release|Any CPU
		{FF296DDA-25F2-44EF-893D-2D0BD25571BC}.Release|Any CPU.Build.0 = Release|Any CPU
		{3300039F-AACA-44D3-95A2-0E5AD47687DA}.Debug|Any CPU.ActiveCfg = Debug|Any CPU
		{3300039F-AACA-44D3-95A2-0E5AD47687DA}.Debug|Any CPU.Build.0 = Debug|Any CPU
		{3300039F-AACA-44D3-95A2-0E5AD47687DA}.Release|Any CPU.ActiveCfg = Release|Any CPU
		{3300039F-AACA-44D3-95A2-0E5AD47687DA}.Release|Any CPU.Build.0 = Release|Any CPU
		{B4BA4AD6-05F4-4E59-9387-ACE7EE88FEFB}.Debug|Any CPU.ActiveCfg = Debug|Any CPU
		{B4BA4AD6-05F4-4E59-9387-ACE7EE88FEFB}.Debug|Any CPU.Build.0 = Debug|Any CPU
		{B4BA4AD6-05F4-4E59-9387-ACE7EE88FEFB}.Release|Any CPU.ActiveCfg = Release|Any CPU
		{B4BA4AD6-05F4-4E59-9387-ACE7EE88FEFB}.Release|Any CPU.Build.0 = Release|Any CPU
		{59C8B96A-4346-4097-8FAF-CD3DE5303601}.Debug|Any CPU.ActiveCfg = Debug|Any CPU
		{59C8B96A-4346-4097-8FAF-CD3DE5303601}.Debug|Any CPU.Build.0 = Debug|Any CPU
		{59C8B96A-4346-4097-8FAF-CD3DE5303601}.Release|Any CPU.ActiveCfg = Release|Any CPU
		{59C8B96A-4346-4097-8FAF-CD3DE5303601}.Release|Any CPU.Build.0 = Release|Any CPU
		{D98ABC9F-1A38-4984-BA56-5984156C2669}.Debug|Any CPU.ActiveCfg = Debug|Any CPU
		{D98ABC9F-1A38-4984-BA56-5984156C2669}.Debug|Any CPU.Build.0 = Debug|Any CPU
		{D98ABC9F-1A38-4984-BA56-5984156C2669}.Release|Any CPU.ActiveCfg = Release|Any CPU
		{D98ABC9F-1A38-4984-BA56-5984156C2669}.Release|Any CPU.Build.0 = Release|Any CPU
		{B93E0B23-EB48-45DF-8A25-2ABBD1F22D03}.Debug|Any CPU.ActiveCfg = Debug|Any CPU
		{B93E0B23-EB48-45DF-8A25-2ABBD1F22D03}.Debug|Any CPU.Build.0 = Debug|Any CPU
		{B93E0B23-EB48-45DF-8A25-2ABBD1F22D03}.Release|Any CPU.ActiveCfg = Release|Any CPU
		{B93E0B23-EB48-45DF-8A25-2ABBD1F22D03}.Release|Any CPU.Build.0 = Release|Any CPU
		{0372A861-2152-43A3-AA67-D722BF52CDE2}.Debug|Any CPU.ActiveCfg = Debug|Any CPU
		{0372A861-2152-43A3-AA67-D722BF52CDE2}.Debug|Any CPU.Build.0 = Debug|Any CPU
		{0372A861-2152-43A3-AA67-D722BF52CDE2}.Release|Any CPU.ActiveCfg = Release|Any CPU
		{0372A861-2152-43A3-AA67-D722BF52CDE2}.Release|Any CPU.Build.0 = Release|Any CPU
		{6696A75F-AD55-48AD-A023-267B7C7C8A78}.Debug|Any CPU.ActiveCfg = Debug|Any CPU
		{6696A75F-AD55-48AD-A023-267B7C7C8A78}.Debug|Any CPU.Build.0 = Debug|Any CPU
		{6696A75F-AD55-48AD-A023-267B7C7C8A78}.Release|Any CPU.ActiveCfg = Release|Any CPU
		{6696A75F-AD55-48AD-A023-267B7C7C8A78}.Release|Any CPU.Build.0 = Release|Any CPU
		{2DDC6EDB-2D41-4428-A10D-6569CEECA1C3}.Debug|Any CPU.ActiveCfg = Debug|Any CPU
		{2DDC6EDB-2D41-4428-A10D-6569CEECA1C3}.Debug|Any CPU.Build.0 = Debug|Any CPU
		{2DDC6EDB-2D41-4428-A10D-6569CEECA1C3}.Release|Any CPU.ActiveCfg = Release|Any CPU
		{2DDC6EDB-2D41-4428-A10D-6569CEECA1C3}.Release|Any CPU.Build.0 = Release|Any CPU
		{F241A2A2-A2A5-4B18-B7DF-47990B421D3F}.Debug|Any CPU.ActiveCfg = Debug|Any CPU
		{F241A2A2-A2A5-4B18-B7DF-47990B421D3F}.Debug|Any CPU.Build.0 = Debug|Any CPU
		{F241A2A2-A2A5-4B18-B7DF-47990B421D3F}.Release|Any CPU.ActiveCfg = Release|Any CPU
		{F241A2A2-A2A5-4B18-B7DF-47990B421D3F}.Release|Any CPU.Build.0 = Release|Any CPU
		{1D07C0A8-700A-49CB-896D-CB782EA7DEDB}.Debug|Any CPU.ActiveCfg = Debug|Any CPU
		{1D07C0A8-700A-49CB-896D-CB782EA7DEDB}.Debug|Any CPU.Build.0 = Debug|Any CPU
		{1D07C0A8-700A-49CB-896D-CB782EA7DEDB}.Release|Any CPU.ActiveCfg = Release|Any CPU
		{1D07C0A8-700A-49CB-896D-CB782EA7DEDB}.Release|Any CPU.Build.0 = Release|Any CPU
		{E397BEB6-7BB4-49C0-899E-71CBA7486D36}.Debug|Any CPU.ActiveCfg = Debug|Any CPU
		{E397BEB6-7BB4-49C0-899E-71CBA7486D36}.Debug|Any CPU.Build.0 = Debug|Any CPU
		{E397BEB6-7BB4-49C0-899E-71CBA7486D36}.Release|Any CPU.ActiveCfg = Release|Any CPU
		{E397BEB6-7BB4-49C0-899E-71CBA7486D36}.Release|Any CPU.Build.0 = Release|Any CPU
		{2733A19D-E753-48A8-98DB-89228ACA77C0}.Debug|Any CPU.ActiveCfg = Debug|Any CPU
		{2733A19D-E753-48A8-98DB-89228ACA77C0}.Debug|Any CPU.Build.0 = Debug|Any CPU
		{2733A19D-E753-48A8-98DB-89228ACA77C0}.Release|Any CPU.ActiveCfg = Release|Any CPU
		{2733A19D-E753-48A8-98DB-89228ACA77C0}.Release|Any CPU.Build.0 = Release|Any CPU
		{4E80023D-DBAF-4FF5-A903-7887BD48C63E}.Debug|Any CPU.ActiveCfg = Debug|Any CPU
		{4E80023D-DBAF-4FF5-A903-7887BD48C63E}.Debug|Any CPU.Build.0 = Debug|Any CPU
		{4E80023D-DBAF-4FF5-A903-7887BD48C63E}.Release|Any CPU.ActiveCfg = Release|Any CPU
		{4E80023D-DBAF-4FF5-A903-7887BD48C63E}.Release|Any CPU.Build.0 = Release|Any CPU
		{F34A0139-7560-4EC5-AA03-AE61CD6DBAB4}.Debug|Any CPU.ActiveCfg = Debug|Any CPU
		{F34A0139-7560-4EC5-AA03-AE61CD6DBAB4}.Debug|Any CPU.Build.0 = Debug|Any CPU
		{F34A0139-7560-4EC5-AA03-AE61CD6DBAB4}.Release|Any CPU.ActiveCfg = Release|Any CPU
		{F34A0139-7560-4EC5-AA03-AE61CD6DBAB4}.Release|Any CPU.Build.0 = Release|Any CPU
		{6D587A7C-1A59-4815-9FCC-E1EB1C94B03E}.Debug|Any CPU.ActiveCfg = Debug|Any CPU
		{6D587A7C-1A59-4815-9FCC-E1EB1C94B03E}.Debug|Any CPU.Build.0 = Debug|Any CPU
		{6D587A7C-1A59-4815-9FCC-E1EB1C94B03E}.Release|Any CPU.ActiveCfg = Release|Any CPU
		{6D587A7C-1A59-4815-9FCC-E1EB1C94B03E}.Release|Any CPU.Build.0 = Release|Any CPU
		{C4A24DDF-8747-4117-BCB2-549B8F4F4392}.Debug|Any CPU.ActiveCfg = Debug|Any CPU
		{C4A24DDF-8747-4117-BCB2-549B8F4F4392}.Debug|Any CPU.Build.0 = Debug|Any CPU
		{C4A24DDF-8747-4117-BCB2-549B8F4F4392}.Release|Any CPU.ActiveCfg = Release|Any CPU
		{C4A24DDF-8747-4117-BCB2-549B8F4F4392}.Release|Any CPU.Build.0 = Release|Any CPU
		{B261C7D5-2CC4-4084-94A8-041D740BAD57}.Debug|Any CPU.ActiveCfg = Debug|Any CPU
		{B261C7D5-2CC4-4084-94A8-041D740BAD57}.Debug|Any CPU.Build.0 = Debug|Any CPU
		{B261C7D5-2CC4-4084-94A8-041D740BAD57}.Release|Any CPU.ActiveCfg = Release|Any CPU
		{B261C7D5-2CC4-4084-94A8-041D740BAD57}.Release|Any CPU.Build.0 = Release|Any CPU
		{E963B931-7FC3-440E-BAA3-81BB717F28B0}.Debug|Any CPU.ActiveCfg = Debug|Any CPU
		{E963B931-7FC3-440E-BAA3-81BB717F28B0}.Debug|Any CPU.Build.0 = Debug|Any CPU
		{E963B931-7FC3-440E-BAA3-81BB717F28B0}.Release|Any CPU.ActiveCfg = Release|Any CPU
		{E963B931-7FC3-440E-BAA3-81BB717F28B0}.Release|Any CPU.Build.0 = Release|Any CPU
		{DEB66BA3-E407-4473-BBC1-D5F07F6874A8}.Debug|Any CPU.ActiveCfg = Debug|Any CPU
		{DEB66BA3-E407-4473-BBC1-D5F07F6874A8}.Debug|Any CPU.Build.0 = Debug|Any CPU
		{DEB66BA3-E407-4473-BBC1-D5F07F6874A8}.Release|Any CPU.ActiveCfg = Release|Any CPU
		{DEB66BA3-E407-4473-BBC1-D5F07F6874A8}.Release|Any CPU.Build.0 = Release|Any CPU
		{CE6009B1-5775-4A5D-BA62-66CE5BD508AE}.Debug|Any CPU.ActiveCfg = Debug|Any CPU
		{CE6009B1-5775-4A5D-BA62-66CE5BD508AE}.Debug|Any CPU.Build.0 = Debug|Any CPU
		{CE6009B1-5775-4A5D-BA62-66CE5BD508AE}.Release|Any CPU.ActiveCfg = Release|Any CPU
		{CE6009B1-5775-4A5D-BA62-66CE5BD508AE}.Release|Any CPU.Build.0 = Release|Any CPU
		{6B6BCE23-2FDA-42A8-8643-7C49FD49B232}.Debug|Any CPU.ActiveCfg = Debug|Any CPU
		{6B6BCE23-2FDA-42A8-8643-7C49FD49B232}.Debug|Any CPU.Build.0 = Debug|Any CPU
		{6B6BCE23-2FDA-42A8-8643-7C49FD49B232}.Release|Any CPU.ActiveCfg = Release|Any CPU
		{6B6BCE23-2FDA-42A8-8643-7C49FD49B232}.Release|Any CPU.Build.0 = Release|Any CPU
		{7F12DE1D-E49A-41D0-B8D7-C1140468174C}.Debug|Any CPU.ActiveCfg = Debug|Any CPU
		{7F12DE1D-E49A-41D0-B8D7-C1140468174C}.Debug|Any CPU.Build.0 = Debug|Any CPU
		{7F12DE1D-E49A-41D0-B8D7-C1140468174C}.Release|Any CPU.ActiveCfg = Release|Any CPU
		{7F12DE1D-E49A-41D0-B8D7-C1140468174C}.Release|Any CPU.Build.0 = Release|Any CPU
		{30842DB8-8EDC-42EF-BEFF-CC71AA0A515C}.Debug|Any CPU.ActiveCfg = Debug|Any CPU
		{30842DB8-8EDC-42EF-BEFF-CC71AA0A515C}.Debug|Any CPU.Build.0 = Debug|Any CPU
		{30842DB8-8EDC-42EF-BEFF-CC71AA0A515C}.Release|Any CPU.ActiveCfg = Release|Any CPU
		{30842DB8-8EDC-42EF-BEFF-CC71AA0A515C}.Release|Any CPU.Build.0 = Release|Any CPU
		{4C9C4B93-9763-43B1-8F5C-5D3D49E0833C}.Debug|Any CPU.ActiveCfg = Debug|Any CPU
		{4C9C4B93-9763-43B1-8F5C-5D3D49E0833C}.Debug|Any CPU.Build.0 = Debug|Any CPU
		{4C9C4B93-9763-43B1-8F5C-5D3D49E0833C}.Release|Any CPU.ActiveCfg = Release|Any CPU
		{4C9C4B93-9763-43B1-8F5C-5D3D49E0833C}.Release|Any CPU.Build.0 = Release|Any CPU
		{B51CBC6A-2B81-46F4-AE15-41C02420CBA4}.Debug|Any CPU.ActiveCfg = Debug|Any CPU
		{B51CBC6A-2B81-46F4-AE15-41C02420CBA4}.Debug|Any CPU.Build.0 = Debug|Any CPU
		{B51CBC6A-2B81-46F4-AE15-41C02420CBA4}.Release|Any CPU.ActiveCfg = Release|Any CPU
		{B51CBC6A-2B81-46F4-AE15-41C02420CBA4}.Release|Any CPU.Build.0 = Release|Any CPU
		{7F66832A-F0D5-4335-9696-DDEB4FB2C94B}.Debug|Any CPU.ActiveCfg = Debug|Any CPU
		{7F66832A-F0D5-4335-9696-DDEB4FB2C94B}.Debug|Any CPU.Build.0 = Debug|Any CPU
		{7F66832A-F0D5-4335-9696-DDEB4FB2C94B}.Release|Any CPU.ActiveCfg = Release|Any CPU
		{7F66832A-F0D5-4335-9696-DDEB4FB2C94B}.Release|Any CPU.Build.0 = Release|Any CPU
		{EAC5C73F-6739-4D51-A00B-2CB1CDA8E522}.Debug|Any CPU.ActiveCfg = Debug|Any CPU
		{EAC5C73F-6739-4D51-A00B-2CB1CDA8E522}.Debug|Any CPU.Build.0 = Debug|Any CPU
		{EAC5C73F-6739-4D51-A00B-2CB1CDA8E522}.Release|Any CPU.ActiveCfg = Release|Any CPU
		{EAC5C73F-6739-4D51-A00B-2CB1CDA8E522}.Release|Any CPU.Build.0 = Release|Any CPU
		{B4701CC3-4748-4AB7-8E0D-5ADB4F37155E}.Debug|Any CPU.ActiveCfg = Debug|Any CPU
		{B4701CC3-4748-4AB7-8E0D-5ADB4F37155E}.Debug|Any CPU.Build.0 = Debug|Any CPU
		{B4701CC3-4748-4AB7-8E0D-5ADB4F37155E}.Release|Any CPU.ActiveCfg = Release|Any CPU
		{B4701CC3-4748-4AB7-8E0D-5ADB4F37155E}.Release|Any CPU.Build.0 = Release|Any CPU
	EndGlobalSection
	GlobalSection(SolutionProperties) = preSolution
		HideSolutionNode = FALSE
	EndGlobalSection
	GlobalSection(NestedProjects) = preSolution
		{37A78718-F117-421A-B4E7-5A2F0914A35B} = {1535CC8D-1E8E-4641-AF51-368727C6EC8A}
		{A27A0D13-7786-48AC-9FDE-C075D99DB1C6} = {1535CC8D-1E8E-4641-AF51-368727C6EC8A}
		{BC3DC83B-D276-4755-9595-A2E8B9AB3BA9} = {A27A0D13-7786-48AC-9FDE-C075D99DB1C6}
		{697EC00A-B636-41ED-AC98-02E353BCAB01} = {A27A0D13-7786-48AC-9FDE-C075D99DB1C6}
		{727221C5-9794-4633-ABC1-5AB5EDA6AAEA} = {A27A0D13-7786-48AC-9FDE-C075D99DB1C6}
		{382DDE29-A6EF-4B4B-86A2-9F45D4C13B12} = {37A78718-F117-421A-B4E7-5A2F0914A35B}
		{4A8E3EA8-47F2-41FB-80E2-44C921BBF6A6} = {A27A0D13-7786-48AC-9FDE-C075D99DB1C6}
		{556E4C78-2873-4F35-8AE3-1768F629222D} = {37A78718-F117-421A-B4E7-5A2F0914A35B}
		{07F3CA56-4127-421E-9A27-68D3EB42FA6B} = {1535CC8D-1E8E-4641-AF51-368727C6EC8A}
		{EB674738-391D-4F13-9812-9B3C9F83F875} = {07F3CA56-4127-421E-9A27-68D3EB42FA6B}
		{C9D0C302-0AB3-4A80-A3F8-E737190B2A58} = {07F3CA56-4127-421E-9A27-68D3EB42FA6B}
		{4EA1EE12-1D74-42AE-BC1B-901A0F8B86F0} = {1535CC8D-1E8E-4641-AF51-368727C6EC8A}
		{8EB1BD75-4D7B-44F7-A4D1-C3B971E31C62} = {4EA1EE12-1D74-42AE-BC1B-901A0F8B86F0}
		{640DC8BE-62AE-4C66-B9E9-10DF9846B8AB} = {9F429F77-942F-4FD3-8F37-29EE966B74FE}
		{B4426385-A26E-48A3-8C1A-81F33456E372} = {37A78718-F117-421A-B4E7-5A2F0914A35B}
		{FF296DDA-25F2-44EF-893D-2D0BD25571BC} = {37A78718-F117-421A-B4E7-5A2F0914A35B}
		{3300039F-AACA-44D3-95A2-0E5AD47687DA} = {37A78718-F117-421A-B4E7-5A2F0914A35B}
		{B4BA4AD6-05F4-4E59-9387-ACE7EE88FEFB} = {37A78718-F117-421A-B4E7-5A2F0914A35B}
		{59C8B96A-4346-4097-8FAF-CD3DE5303601} = {37A78718-F117-421A-B4E7-5A2F0914A35B}
		{D98ABC9F-1A38-4984-BA56-5984156C2669} = {9F429F77-942F-4FD3-8F37-29EE966B74FE}
		{B93E0B23-EB48-45DF-8A25-2ABBD1F22D03} = {9F429F77-942F-4FD3-8F37-29EE966B74FE}
		{0372A861-2152-43A3-AA67-D722BF52CDE2} = {37A78718-F117-421A-B4E7-5A2F0914A35B}
		{6696A75F-AD55-48AD-A023-267B7C7C8A78} = {37A78718-F117-421A-B4E7-5A2F0914A35B}
		{C0125D59-DD8B-44C1-9650-6EF4B6B360B3} = {9F429F77-942F-4FD3-8F37-29EE966B74FE}
		{2DDC6EDB-2D41-4428-A10D-6569CEECA1C3} = {4EA1EE12-1D74-42AE-BC1B-901A0F8B86F0}
		{7E24D392-207E-4F37-B7E4-D5C4C9D4EC48} = {D6340610-8BC0-455D-BD44-932874E0766D}
		{DDBE1E6A-EC2F-4E4F-BA74-E6C365CD014D} = {D6340610-8BC0-455D-BD44-932874E0766D}
		{F241A2A2-A2A5-4B18-B7DF-47990B421D3F} = {7E24D392-207E-4F37-B7E4-D5C4C9D4EC48}
		{1D07C0A8-700A-49CB-896D-CB782EA7DEDB} = {7E24D392-207E-4F37-B7E4-D5C4C9D4EC48}
		{E397BEB6-7BB4-49C0-899E-71CBA7486D36} = {7E24D392-207E-4F37-B7E4-D5C4C9D4EC48}
		{2733A19D-E753-48A8-98DB-89228ACA77C0} = {7E24D392-207E-4F37-B7E4-D5C4C9D4EC48}
		{4E80023D-DBAF-4FF5-A903-7887BD48C63E} = {7E24D392-207E-4F37-B7E4-D5C4C9D4EC48}
		{F34A0139-7560-4EC5-AA03-AE61CD6DBAB4} = {7E24D392-207E-4F37-B7E4-D5C4C9D4EC48}
		{6D587A7C-1A59-4815-9FCC-E1EB1C94B03E} = {DDBE1E6A-EC2F-4E4F-BA74-E6C365CD014D}
		{C4A24DDF-8747-4117-BCB2-549B8F4F4392} = {DDBE1E6A-EC2F-4E4F-BA74-E6C365CD014D}
		{DDF59617-ABF3-4143-BD1E-B826C43C1DEE} = {D6340610-8BC0-455D-BD44-932874E0766D}
		{B261C7D5-2CC4-4084-94A8-041D740BAD57} = {DDF59617-ABF3-4143-BD1E-B826C43C1DEE}
		{E963B931-7FC3-440E-BAA3-81BB717F28B0} = {DDF59617-ABF3-4143-BD1E-B826C43C1DEE}
		{DEB66BA3-E407-4473-BBC1-D5F07F6874A8} = {DDBE1E6A-EC2F-4E4F-BA74-E6C365CD014D}
		{CE6009B1-5775-4A5D-BA62-66CE5BD508AE} = {DDBE1E6A-EC2F-4E4F-BA74-E6C365CD014D}
		{6B6BCE23-2FDA-42A8-8643-7C49FD49B232} = {DDBE1E6A-EC2F-4E4F-BA74-E6C365CD014D}
		{9BE2B12A-6B9F-40F9-90C4-362F239F4DD8} = {D6340610-8BC0-455D-BD44-932874E0766D}
		{7F12DE1D-E49A-41D0-B8D7-C1140468174C} = {9BE2B12A-6B9F-40F9-90C4-362F239F4DD8}
		{30842DB8-8EDC-42EF-BEFF-CC71AA0A515C} = {9BE2B12A-6B9F-40F9-90C4-362F239F4DD8}
		{4C9C4B93-9763-43B1-8F5C-5D3D49E0833C} = {7E24D392-207E-4F37-B7E4-D5C4C9D4EC48}
		{B51CBC6A-2B81-46F4-AE15-41C02420CBA4} = {DDBE1E6A-EC2F-4E4F-BA74-E6C365CD014D}
		{7F66832A-F0D5-4335-9696-DDEB4FB2C94B} = {DDF59617-ABF3-4143-BD1E-B826C43C1DEE}
		{EAC5C73F-6739-4D51-A00B-2CB1CDA8E522} = {9BE2B12A-6B9F-40F9-90C4-362F239F4DD8}
		{B4701CC3-4748-4AB7-8E0D-5ADB4F37155E} = {9F429F77-942F-4FD3-8F37-29EE966B74FE}
	EndGlobalSection
EndGlobal
