
Microsoft Visual Studio Solution File, Format Version 12.00
# Visual Studio Version 17
VisualStudioVersion = 17.0.31903.59
MinimumVisualStudioVersion = 10.0.40219.1
Project("{2150E333-8FDC-42A3-9474-1A3956D46DE8}") = "Src", "Src", "{15A159CC-FB34-49B3-9591-7BF3D30ED6B7}"
EndProject
Project("{2150E333-8FDC-42A3-9474-1A3956D46DE8}") = "Controller", "Controller", "{4EFEA609-1FD3-4AF0-9AC1-1DBC7BA8C520}"
EndProject
Project("{2150E333-8FDC-42A3-9474-1A3956D46DE8}") = "Plugins", "Plugins", "{B19FDEEB-84B9-45D0-B846-73086A049F82}"
EndProject
Project("{FAE04EC0-301F-11D3-BF4B-00C04F79EFBC}") = "TestPlugin", "src\controller\plugins\test_plugin\TestPlugin.csproj", "{6ED2515B-9611-463A-92A6-943DC2E1A8AB}"
EndProject
Project("{FAE04EC0-301F-11D3-BF4B-00C04F79EFBC}") = "PluginBase", "src\controller\plugins\plugin_base\PluginBase.csproj", "{D0DA7A41-A96B-416A-B259-A86B07E006A2}"
EndProject
Project("{FAE04EC0-301F-11D3-BF4B-00C04F79EFBC}") = "Data", "src\controller\data\Data.csproj", "{F3B16E8A-F081-410E-A66F-D78C1390A1FB}"
EndProject
Project("{FAE04EC0-301F-11D3-BF4B-00C04F79EFBC}") = "Backend", "src\controller\backend\Backend.csproj", "{FB14647A-973C-4561-A842-A7B6F0442E30}"
EndProject
Project("{FAE04EC0-301F-11D3-BF4B-00C04F79EFBC}") = "Frontend", "src\frontend\Frontend.csproj", "{9DEB08D7-5427-4F8F-8601-F2EA16F0E105}"
EndProject
Project("{FAE04EC0-301F-11D3-BF4B-00C04F79EFBC}") = "ApiSchema", "src\controller\api_schema\ApiSchema.csproj", "{E7BFFD27-9223-4F15-962A-FFC5BCA1587F}"
EndProject
Project("{FAE04EC0-301F-11D3-BF4B-00C04F79EFBC}") = "ControlProcess", "src\controller\control_process\ControlProcess.csproj", "{033D2829-D262-4AB0-8955-DFF8DF4B0A62}"
EndProject
Project("{2150E333-8FDC-42A3-9474-1A3956D46DE8}") = "Tests", "Tests", "{3885B33F-973A-450D-A4A2-1CF7DED0750C}"
EndProject
Project("{FAE04EC0-301F-11D3-BF4B-00C04F79EFBC}") = "ControllerTests", "src\tests\ControllerTests\ControllerTests.csproj", "{838C8D7E-BCB5-4704-BB11-86AF34FB254C}"
EndProject
Project("{FAE04EC0-301F-11D3-BF4B-00C04F79EFBC}") = "ControlProcessTests", "src\tests\ControlProcessTests\ControlProcessTests.csproj", "{D3A7A428-B730-4155-8470-8F86BDB81FD2}"
EndProject
Project("{FAE04EC0-301F-11D3-BF4B-00C04F79EFBC}") = "TestBase", "src\tests\TestBase\TestBase.csproj", "{C99AC1CE-24EC-4BC9-AE4B-96C262B86001}"
EndProject
Project("{FAE04EC0-301F-11D3-BF4B-00C04F79EFBC}") = "PluginTests", "src\tests\PluginTests\PluginTests.csproj", "{C7484821-F242-4B63-965D-FE677D751939}"
EndProject
Project("{FAE04EC0-301F-11D3-BF4B-00C04F79EFBC}") = "TelemetryPlugin", "src\controller\plugins\TelemetryPlugin\TelemetryPlugin.csproj", "{8249C929-63A8-44B6-BF15-72A839AD01C0}"
EndProject
Project("{FAE04EC0-301F-11D3-BF4B-00C04F79EFBC}") = "MigrationHost", "src\controller\plugins\MigrationHost\MigrationHost.csproj", "{E1AB7F70-D202-45D0-BA88-DF1BEE1F4953}"
EndProject
Project("{FAE04EC0-301F-11D3-BF4B-00C04F79EFBC}") = "Shared", "src\controller\Shared\Shared.csproj", "{ABEFB416-72A1-4992-90F5-2294CAACA494}"
EndProject
Project("{2150E333-8FDC-42A3-9474-1A3956D46DE8}") = "Server", "Server", "{CD2650B8-9671-48A4-8450-7D608ABE45C9}"
EndProject
Project("{FAE04EC0-301F-11D3-BF4B-00C04F79EFBC}") = "ServerHost", "src\server\ServerHost\ServerHost.csproj", "{6DD4F373-193A-4C0A-8F8E-57C944800312}"
EndProject
Project("{FAE04EC0-301F-11D3-BF4B-00C04F79EFBC}") = "ServerServiceDefaults", "src\server\ServerServiceDefaults\ServerServiceDefaults.csproj", "{12806141-2A95-4686-AD05-783A7B75EB4F}"
EndProject
Project("{FAE04EC0-301F-11D3-BF4B-00C04F79EFBC}") = "Server", "src\server\Server\Server.csproj", "{4D4041A8-BA05-4205-85E7-BEC947D4D577}"
EndProject
Project("{FAE04EC0-301F-11D3-BF4B-00C04F79EFBC}") = "BackendTests", "src\tests\BackendTests\BackendTests.csproj", "{EF7B149F-5270-4E67-A9C8-E273BF556DB3}"
EndProject
Project("{FAE04EC0-301F-11D3-BF4B-00C04F79EFBC}") = "TemperatureDemoPlugin", "src\controller\plugins\TemperatureDemoPlugin\TemperatureDemoPlugin.csproj", "{0501BAB8-BF01-4C43-838A-9E8EEBAA2975}"
EndProject
Project("{2150E333-8FDC-42A3-9474-1A3956D46DE8}") = "BuildTasks", "BuildTasks", "{09BC283B-62EC-4CA7-A7E9-8F56942A82F7}"
EndProject
Project("{FAE04EC0-301F-11D3-BF4B-00C04F79EFBC}") = "ReadJsonFileTask", "src\build-tasks\ReadJsonFileTask\ReadJsonFileTask.csproj", "{CA1DDFDE-9B3B-4981-9454-A255005C62EE}"
EndProject
Project("{FAE04EC0-301F-11D3-BF4B-00C04F79EFBC}") = "PluginTemplate", "src\controller\plugins\PluginTemplate\PluginTemplate.csproj", "{57A5D181-5970-4365-A002-01B01ADE2C0A}"
EndProject
Project("{2150E333-8FDC-42A3-9474-1A3956D46DE8}") = "FrontendBackendConnection", "FrontendBackendConnection", "{BD50DF5D-110F-450B-A60A-C4D1A1036A24}"
EndProject
Project("{FAE04EC0-301F-11D3-BF4B-00C04F79EFBC}") = "BackendConnectionData", "src\BackendConnectionData\BackendConnectionData.csproj", "{D887723D-0F6A-4765-9604-A83EE711C287}"
EndProject
Global
	GlobalSection(SolutionConfigurationPlatforms) = preSolution
		Debug|Any CPU = Debug|Any CPU
		Release|Any CPU = Release|Any CPU
	EndGlobalSection
	GlobalSection(SolutionProperties) = preSolution
		HideSolutionNode = FALSE
	EndGlobalSection
	GlobalSection(ProjectConfigurationPlatforms) = postSolution
		{6ED2515B-9611-463A-92A6-943DC2E1A8AB}.Debug|Any CPU.ActiveCfg = Debug|Any CPU
		{6ED2515B-9611-463A-92A6-943DC2E1A8AB}.Debug|Any CPU.Build.0 = Debug|Any CPU
		{6ED2515B-9611-463A-92A6-943DC2E1A8AB}.Release|Any CPU.ActiveCfg = Release|Any CPU
		{6ED2515B-9611-463A-92A6-943DC2E1A8AB}.Release|Any CPU.Build.0 = Release|Any CPU
		{D0DA7A41-A96B-416A-B259-A86B07E006A2}.Debug|Any CPU.ActiveCfg = Debug|Any CPU
		{D0DA7A41-A96B-416A-B259-A86B07E006A2}.Debug|Any CPU.Build.0 = Debug|Any CPU
		{D0DA7A41-A96B-416A-B259-A86B07E006A2}.Release|Any CPU.ActiveCfg = Release|Any CPU
		{D0DA7A41-A96B-416A-B259-A86B07E006A2}.Release|Any CPU.Build.0 = Release|Any CPU
		{F3B16E8A-F081-410E-A66F-D78C1390A1FB}.Debug|Any CPU.ActiveCfg = Debug|Any CPU
		{F3B16E8A-F081-410E-A66F-D78C1390A1FB}.Debug|Any CPU.Build.0 = Debug|Any CPU
		{F3B16E8A-F081-410E-A66F-D78C1390A1FB}.Release|Any CPU.ActiveCfg = Release|Any CPU
		{F3B16E8A-F081-410E-A66F-D78C1390A1FB}.Release|Any CPU.Build.0 = Release|Any CPU
		{FB14647A-973C-4561-A842-A7B6F0442E30}.Debug|Any CPU.ActiveCfg = Debug|Any CPU
		{FB14647A-973C-4561-A842-A7B6F0442E30}.Debug|Any CPU.Build.0 = Debug|Any CPU
		{FB14647A-973C-4561-A842-A7B6F0442E30}.Release|Any CPU.ActiveCfg = Release|Any CPU
		{FB14647A-973C-4561-A842-A7B6F0442E30}.Release|Any CPU.Build.0 = Release|Any CPU
		{9DEB08D7-5427-4F8F-8601-F2EA16F0E105}.Debug|Any CPU.ActiveCfg = Debug|Any CPU
		{9DEB08D7-5427-4F8F-8601-F2EA16F0E105}.Debug|Any CPU.Build.0 = Debug|Any CPU
		{9DEB08D7-5427-4F8F-8601-F2EA16F0E105}.Release|Any CPU.ActiveCfg = Release|Any CPU
		{9DEB08D7-5427-4F8F-8601-F2EA16F0E105}.Release|Any CPU.Build.0 = Release|Any CPU
		{E7BFFD27-9223-4F15-962A-FFC5BCA1587F}.Debug|Any CPU.ActiveCfg = Debug|Any CPU
		{E7BFFD27-9223-4F15-962A-FFC5BCA1587F}.Debug|Any CPU.Build.0 = Debug|Any CPU
		{E7BFFD27-9223-4F15-962A-FFC5BCA1587F}.Release|Any CPU.ActiveCfg = Release|Any CPU
		{E7BFFD27-9223-4F15-962A-FFC5BCA1587F}.Release|Any CPU.Build.0 = Release|Any CPU
		{033D2829-D262-4AB0-8955-DFF8DF4B0A62}.Debug|Any CPU.ActiveCfg = Debug|Any CPU
		{033D2829-D262-4AB0-8955-DFF8DF4B0A62}.Debug|Any CPU.Build.0 = Debug|Any CPU
		{033D2829-D262-4AB0-8955-DFF8DF4B0A62}.Release|Any CPU.ActiveCfg = Release|Any CPU
		{033D2829-D262-4AB0-8955-DFF8DF4B0A62}.Release|Any CPU.Build.0 = Release|Any CPU
		{838C8D7E-BCB5-4704-BB11-86AF34FB254C}.Debug|Any CPU.ActiveCfg = Debug|Any CPU
		{838C8D7E-BCB5-4704-BB11-86AF34FB254C}.Debug|Any CPU.Build.0 = Debug|Any CPU
		{838C8D7E-BCB5-4704-BB11-86AF34FB254C}.Release|Any CPU.ActiveCfg = Release|Any CPU
		{838C8D7E-BCB5-4704-BB11-86AF34FB254C}.Release|Any CPU.Build.0 = Release|Any CPU
		{D3A7A428-B730-4155-8470-8F86BDB81FD2}.Debug|Any CPU.ActiveCfg = Debug|Any CPU
		{D3A7A428-B730-4155-8470-8F86BDB81FD2}.Debug|Any CPU.Build.0 = Debug|Any CPU
		{D3A7A428-B730-4155-8470-8F86BDB81FD2}.Release|Any CPU.ActiveCfg = Release|Any CPU
		{D3A7A428-B730-4155-8470-8F86BDB81FD2}.Release|Any CPU.Build.0 = Release|Any CPU
		{C99AC1CE-24EC-4BC9-AE4B-96C262B86001}.Debug|Any CPU.ActiveCfg = Debug|Any CPU
		{C99AC1CE-24EC-4BC9-AE4B-96C262B86001}.Debug|Any CPU.Build.0 = Debug|Any CPU
		{C99AC1CE-24EC-4BC9-AE4B-96C262B86001}.Release|Any CPU.ActiveCfg = Release|Any CPU
		{C99AC1CE-24EC-4BC9-AE4B-96C262B86001}.Release|Any CPU.Build.0 = Release|Any CPU
		{C7484821-F242-4B63-965D-FE677D751939}.Debug|Any CPU.ActiveCfg = Debug|Any CPU
		{C7484821-F242-4B63-965D-FE677D751939}.Debug|Any CPU.Build.0 = Debug|Any CPU
		{C7484821-F242-4B63-965D-FE677D751939}.Release|Any CPU.ActiveCfg = Release|Any CPU
		{C7484821-F242-4B63-965D-FE677D751939}.Release|Any CPU.Build.0 = Release|Any CPU
		{8249C929-63A8-44B6-BF15-72A839AD01C0}.Debug|Any CPU.ActiveCfg = Debug|Any CPU
		{8249C929-63A8-44B6-BF15-72A839AD01C0}.Debug|Any CPU.Build.0 = Debug|Any CPU
		{8249C929-63A8-44B6-BF15-72A839AD01C0}.Release|Any CPU.ActiveCfg = Release|Any CPU
		{8249C929-63A8-44B6-BF15-72A839AD01C0}.Release|Any CPU.Build.0 = Release|Any CPU
		{E1AB7F70-D202-45D0-BA88-DF1BEE1F4953}.Debug|Any CPU.ActiveCfg = Debug|Any CPU
		{E1AB7F70-D202-45D0-BA88-DF1BEE1F4953}.Debug|Any CPU.Build.0 = Debug|Any CPU
		{E1AB7F70-D202-45D0-BA88-DF1BEE1F4953}.Release|Any CPU.ActiveCfg = Release|Any CPU
		{E1AB7F70-D202-45D0-BA88-DF1BEE1F4953}.Release|Any CPU.Build.0 = Release|Any CPU
		{ABEFB416-72A1-4992-90F5-2294CAACA494}.Debug|Any CPU.ActiveCfg = Debug|Any CPU
		{ABEFB416-72A1-4992-90F5-2294CAACA494}.Debug|Any CPU.Build.0 = Debug|Any CPU
		{ABEFB416-72A1-4992-90F5-2294CAACA494}.Release|Any CPU.ActiveCfg = Release|Any CPU
		{ABEFB416-72A1-4992-90F5-2294CAACA494}.Release|Any CPU.Build.0 = Release|Any CPU
		{6DD4F373-193A-4C0A-8F8E-57C944800312}.Debug|Any CPU.ActiveCfg = Debug|Any CPU
		{6DD4F373-193A-4C0A-8F8E-57C944800312}.Debug|Any CPU.Build.0 = Debug|Any CPU
		{6DD4F373-193A-4C0A-8F8E-57C944800312}.Release|Any CPU.ActiveCfg = Release|Any CPU
		{6DD4F373-193A-4C0A-8F8E-57C944800312}.Release|Any CPU.Build.0 = Release|Any CPU
		{12806141-2A95-4686-AD05-783A7B75EB4F}.Debug|Any CPU.ActiveCfg = Debug|Any CPU
		{12806141-2A95-4686-AD05-783A7B75EB4F}.Debug|Any CPU.Build.0 = Debug|Any CPU
		{12806141-2A95-4686-AD05-783A7B75EB4F}.Release|Any CPU.ActiveCfg = Release|Any CPU
		{12806141-2A95-4686-AD05-783A7B75EB4F}.Release|Any CPU.Build.0 = Release|Any CPU
		{4D4041A8-BA05-4205-85E7-BEC947D4D577}.Debug|Any CPU.ActiveCfg = Debug|Any CPU
		{4D4041A8-BA05-4205-85E7-BEC947D4D577}.Debug|Any CPU.Build.0 = Debug|Any CPU
		{4D4041A8-BA05-4205-85E7-BEC947D4D577}.Release|Any CPU.ActiveCfg = Release|Any CPU
		{4D4041A8-BA05-4205-85E7-BEC947D4D577}.Release|Any CPU.Build.0 = Release|Any CPU
		{EF7B149F-5270-4E67-A9C8-E273BF556DB3}.Debug|Any CPU.ActiveCfg = Debug|Any CPU
		{EF7B149F-5270-4E67-A9C8-E273BF556DB3}.Debug|Any CPU.Build.0 = Debug|Any CPU
		{EF7B149F-5270-4E67-A9C8-E273BF556DB3}.Release|Any CPU.ActiveCfg = Release|Any CPU
		{EF7B149F-5270-4E67-A9C8-E273BF556DB3}.Release|Any CPU.Build.0 = Release|Any CPU
		{0501BAB8-BF01-4C43-838A-9E8EEBAA2975}.Debug|Any CPU.ActiveCfg = Debug|Any CPU
		{0501BAB8-BF01-4C43-838A-9E8EEBAA2975}.Debug|Any CPU.Build.0 = Debug|Any CPU
		{0501BAB8-BF01-4C43-838A-9E8EEBAA2975}.Release|Any CPU.ActiveCfg = Release|Any CPU
		{0501BAB8-BF01-4C43-838A-9E8EEBAA2975}.Release|Any CPU.Build.0 = Release|Any CPU
		{CA1DDFDE-9B3B-4981-9454-A255005C62EE}.Debug|Any CPU.ActiveCfg = Debug|Any CPU
		{CA1DDFDE-9B3B-4981-9454-A255005C62EE}.Debug|Any CPU.Build.0 = Debug|Any CPU
		{CA1DDFDE-9B3B-4981-9454-A255005C62EE}.Release|Any CPU.ActiveCfg = Release|Any CPU
		{CA1DDFDE-9B3B-4981-9454-A255005C62EE}.Release|Any CPU.Build.0 = Release|Any CPU
		{57A5D181-5970-4365-A002-01B01ADE2C0A}.Debug|Any CPU.ActiveCfg = Debug|Any CPU
		{57A5D181-5970-4365-A002-01B01ADE2C0A}.Debug|Any CPU.Build.0 = Debug|Any CPU
		{57A5D181-5970-4365-A002-01B01ADE2C0A}.Release|Any CPU.ActiveCfg = Release|Any CPU
		{57A5D181-5970-4365-A002-01B01ADE2C0A}.Release|Any CPU.Build.0 = Release|Any CPU
		{D887723D-0F6A-4765-9604-A83EE711C287}.Debug|Any CPU.ActiveCfg = Debug|Any CPU
		{D887723D-0F6A-4765-9604-A83EE711C287}.Debug|Any CPU.Build.0 = Debug|Any CPU
		{D887723D-0F6A-4765-9604-A83EE711C287}.Release|Any CPU.ActiveCfg = Release|Any CPU
		{D887723D-0F6A-4765-9604-A83EE711C287}.Release|Any CPU.Build.0 = Release|Any CPU
	EndGlobalSection
	GlobalSection(NestedProjects) = preSolution
		{4EFEA609-1FD3-4AF0-9AC1-1DBC7BA8C520} = {15A159CC-FB34-49B3-9591-7BF3D30ED6B7}
		{B19FDEEB-84B9-45D0-B846-73086A049F82} = {4EFEA609-1FD3-4AF0-9AC1-1DBC7BA8C520}
		{6ED2515B-9611-463A-92A6-943DC2E1A8AB} = {B19FDEEB-84B9-45D0-B846-73086A049F82}
		{D0DA7A41-A96B-416A-B259-A86B07E006A2} = {B19FDEEB-84B9-45D0-B846-73086A049F82}
		{F3B16E8A-F081-410E-A66F-D78C1390A1FB} = {4EFEA609-1FD3-4AF0-9AC1-1DBC7BA8C520}
		{FB14647A-973C-4561-A842-A7B6F0442E30} = {4EFEA609-1FD3-4AF0-9AC1-1DBC7BA8C520}
		{9DEB08D7-5427-4F8F-8601-F2EA16F0E105} = {15A159CC-FB34-49B3-9591-7BF3D30ED6B7}
		{E7BFFD27-9223-4F15-962A-FFC5BCA1587F} = {4EFEA609-1FD3-4AF0-9AC1-1DBC7BA8C520}
		{033D2829-D262-4AB0-8955-DFF8DF4B0A62} = {4EFEA609-1FD3-4AF0-9AC1-1DBC7BA8C520}
		{3885B33F-973A-450D-A4A2-1CF7DED0750C} = {15A159CC-FB34-49B3-9591-7BF3D30ED6B7}
		{838C8D7E-BCB5-4704-BB11-86AF34FB254C} = {3885B33F-973A-450D-A4A2-1CF7DED0750C}
		{D3A7A428-B730-4155-8470-8F86BDB81FD2} = {3885B33F-973A-450D-A4A2-1CF7DED0750C}
		{C99AC1CE-24EC-4BC9-AE4B-96C262B86001} = {3885B33F-973A-450D-A4A2-1CF7DED0750C}
		{C7484821-F242-4B63-965D-FE677D751939} = {3885B33F-973A-450D-A4A2-1CF7DED0750C}
		{8249C929-63A8-44B6-BF15-72A839AD01C0} = {B19FDEEB-84B9-45D0-B846-73086A049F82}
		{E1AB7F70-D202-45D0-BA88-DF1BEE1F4953} = {B19FDEEB-84B9-45D0-B846-73086A049F82}
		{ABEFB416-72A1-4992-90F5-2294CAACA494} = {4EFEA609-1FD3-4AF0-9AC1-1DBC7BA8C520}
		{CD2650B8-9671-48A4-8450-7D608ABE45C9} = {15A159CC-FB34-49B3-9591-7BF3D30ED6B7}
		{6DD4F373-193A-4C0A-8F8E-57C944800312} = {CD2650B8-9671-48A4-8450-7D608ABE45C9}
		{12806141-2A95-4686-AD05-783A7B75EB4F} = {CD2650B8-9671-48A4-8450-7D608ABE45C9}
		{4D4041A8-BA05-4205-85E7-BEC947D4D577} = {CD2650B8-9671-48A4-8450-7D608ABE45C9}
		{EF7B149F-5270-4E67-A9C8-E273BF556DB3} = {3885B33F-973A-450D-A4A2-1CF7DED0750C}
		{09BC283B-62EC-4CA7-A7E9-8F56942A82F7} = {15A159CC-FB34-49B3-9591-7BF3D30ED6B7}
		{CA1DDFDE-9B3B-4981-9454-A255005C62EE} = {09BC283B-62EC-4CA7-A7E9-8F56942A82F7}
		{57A5D181-5970-4365-A002-01B01ADE2C0A} = {B19FDEEB-84B9-45D0-B846-73086A049F82}
		{0501BAB8-BF01-4C43-838A-9E8EEBAA2975} = {B19FDEEB-84B9-45D0-B846-73086A049F82}
		{BD50DF5D-110F-450B-A60A-C4D1A1036A24} = {15A159CC-FB34-49B3-9591-7BF3D30ED6B7}
		{D887723D-0F6A-4765-9604-A83EE711C287} = {BD50DF5D-110F-450B-A60A-C4D1A1036A24}
	EndGlobalSection
EndGlobal
